
Microsoft Visual Studio Solution File, Format Version 12.00
# Visual Studio Version 16
VisualStudioVersion = 16.0.29709.97
MinimumVisualStudioVersion = 10.0.40219.1
Project("{FAE04EC0-301F-11D3-BF4B-00C04F79EFBC}") = "AlphaModder", "AlphaModder\AlphaModder.csproj", "{F5C4E571-4B87-44A7-A3F7-C82CFAE98AB0}"
EndProject
Global
	GlobalSection(SolutionConfigurationPlatforms) = preSolution
		Debug|Any CPU = Debug|Any CPU
		Release|Any CPU = Release|Any CPU
	EndGlobalSection
	GlobalSection(ProjectConfigurationPlatforms) = postSolution
		{F5C4E571-4B87-44A7-A3F7-C82CFAE98AB0}.Debug|Any CPU.ActiveCfg = Debug|Any CPU
		{F5C4E571-4B87-44A7-A3F7-C82CFAE98AB0}.Debug|Any CPU.Build.0 = Debug|Any CPU
		{F5C4E571-4B87-44A7-A3F7-C82CFAE98AB0}.Release|Any CPU.ActiveCfg = Release|Any CPU
		{F5C4E571-4B87-44A7-A3F7-C82CFAE98AB0}.Release|Any CPU.Build.0 = Release|Any CPU
	EndGlobalSection
	GlobalSection(SolutionProperties) = preSolution
		HideSolutionNode = FALSE
	EndGlobalSection
	GlobalSection(ExtensibilityGlobals) = postSolution
		SolutionGuid = {A6E611C3-8326-45D3-B27B-A0A71A60D1F4}
	EndGlobalSection
EndGlobal
